// !$*UTF8*$!
{
	archiveVersion = 1;
	classes = {
	};
	objectVersion = 56;
	objects = {

/* Begin PBXBuildFile section */
		7A71B6E42AC9631E000C317B /* SlayApp.swift in Sources */ = {isa = PBXBuildFile; fileRef = 7A71B6E32AC9631E000C317B /* SlayApp.swift */; };
		7A71B6E62AC9631E000C317B /* ContentView.swift in Sources */ = {isa = PBXBuildFile; fileRef = 7A71B6E52AC9631E000C317B /* ContentView.swift */; };
		7A71B6E82AC9631F000C317B /* Assets.xcassets in Resources */ = {isa = PBXBuildFile; fileRef = 7A71B6E72AC9631F000C317B /* Assets.xcassets */; };
		7A71B6EB2AC9631F000C317B /* Preview Assets.xcassets in Resources */ = {isa = PBXBuildFile; fileRef = 7A71B6EA2AC9631F000C317B /* Preview Assets.xcassets */; };
		7A71B6ED2AC9631F000C317B /* Persistence.swift in Sources */ = {isa = PBXBuildFile; fileRef = 7A71B6EC2AC9631F000C317B /* Persistence.swift */; };
		7A71B6F02AC9631F000C317B /* Slay.xcdatamodeld in Sources */ = {isa = PBXBuildFile; fileRef = 7A71B6EE2AC9631F000C317B /* Slay.xcdatamodeld */; };
		7A71B6FB2AC96346000C317B /* ColorButton.swift in Sources */ = {isa = PBXBuildFile; fileRef = 7A71B6F62AC96345000C317B /* ColorButton.swift */; };
		7A71B6FC2AC96346000C317B /* DetailView.swift in Sources */ = {isa = PBXBuildFile; fileRef = 7A71B6F72AC96345000C317B /* DetailView.swift */; };
		7A71B6FD2AC96346000C317B /* BagView.swift in Sources */ = {isa = PBXBuildFile; fileRef = 7A71B6F82AC96345000C317B /* BagView.swift */; };
		7A71B6FE2AC96346000C317B /* TabButton.swift in Sources */ = {isa = PBXBuildFile; fileRef = 7A71B6F92AC96345000C317B /* TabButton.swift */; };
		7A71B6FF2AC96346000C317B /* HomeProductsHero.swift in Sources */ = {isa = PBXBuildFile; fileRef = 7A71B6FA2AC96346000C317B /* HomeProductsHero.swift */; };
		7A71B7042AC96457000C317B /* Person.swift in Sources */ = {isa = PBXBuildFile; fileRef = 7A71B7002AC96457000C317B /* Person.swift */; };
		7A71B7052AC96457000C317B /* ArtistList.swift in Sources */ = {isa = PBXBuildFile; fileRef = 7A71B7012AC96457000C317B /* ArtistList.swift */; };
		7A71B7062AC96457000C317B /* YouTubeView.swift in Sources */ = {isa = PBXBuildFile; fileRef = 7A71B7022AC96457000C317B /* YouTubeView.swift */; };
		7A71B7072AC96457000C317B /* ProfileView.swift in Sources */ = {isa = PBXBuildFile; fileRef = 7A71B7032AC96457000C317B /* ProfileView.swift */; };
		7A71B70D2AC9649F000C317B /* LookPageDetailView.swift in Sources */ = {isa = PBXBuildFile; fileRef = 7A71B7082AC9649E000C317B /* LookPageDetailView.swift */; };
		7A71B70E2AC9649F000C317B /* LookpageHome.swift in Sources */ = {isa = PBXBuildFile; fileRef = 7A71B7092AC9649E000C317B /* LookpageHome.swift */; };
		7A71B70F2AC9649F000C317B /* OffsetModifier.swift in Sources */ = {isa = PBXBuildFile; fileRef = 7A71B70A2AC9649F000C317B /* OffsetModifier.swift */; };
		7A71B7102AC9649F000C317B /* SnapCarousel.swift in Sources */ = {isa = PBXBuildFile; fileRef = 7A71B70B2AC9649F000C317B /* SnapCarousel.swift */; };
		7A71B7112AC9649F000C317B /* VideoDetailView.swift in Sources */ = {isa = PBXBuildFile; fileRef = 7A71B70C2AC9649F000C317B /* VideoDetailView.swift */; };
		7A71B7182AC96508000C317B /* chanelookpage.new.swift in Sources */ = {isa = PBXBuildFile; fileRef = 7A71B7122AC96508000C317B /* chanelookpage.new.swift */; };
		7A71B7192AC96508000C317B /* ChanelLookPage.swift in Sources */ = {isa = PBXBuildFile; fileRef = 7A71B7132AC96508000C317B /* ChanelLookPage.swift */; };
		7A71B71A2AC96508000C317B /* ModelData.swift in Sources */ = {isa = PBXBuildFile; fileRef = 7A71B7142AC96508000C317B /* ModelData.swift */; };
		7A71B71B2AC96508000C317B /* PlanetModelData.swift in Sources */ = {isa = PBXBuildFile; fileRef = 7A71B7152AC96508000C317B /* PlanetModelData.swift */; };
		7A71B71C2AC96508000C317B /* AlbumData.swift in Sources */ = {isa = PBXBuildFile; fileRef = 7A71B7162AC96508000C317B /* AlbumData.swift */; };
		7A71B71D2AC96508000C317B /* Brand.swift in Sources */ = {isa = PBXBuildFile; fileRef = 7A71B7172AC96508000C317B /* Brand.swift */; };
		7A71B7242AC9654E000C317B /* CustomCorner.swift in Sources */ = {isa = PBXBuildFile; fileRef = 7A71B71E2AC9654D000C317B /* CustomCorner.swift */; };
		7A71B7252AC9654E000C317B /* PlanetHome.swift in Sources */ = {isa = PBXBuildFile; fileRef = 7A71B71F2AC9654E000C317B /* PlanetHome.swift */; };
		7A71B7262AC9654E000C317B /* PlanetTapButton.swift in Sources */ = {isa = PBXBuildFile; fileRef = 7A71B7202AC9654E000C317B /* PlanetTapButton.swift */; };
		7A71B7272AC9654E000C317B /* PlanetView.swift in Sources */ = {isa = PBXBuildFile; fileRef = 7A71B7212AC9654E000C317B /* PlanetView.swift */; };
		7A71B7282AC9654E000C317B /* CustomCorner2.swift in Sources */ = {isa = PBXBuildFile; fileRef = 7A71B7222AC9654E000C317B /* CustomCorner2.swift */; };
		7A71B7292AC9654E000C317B /* PlanetDetailView.swift in Sources */ = {isa = PBXBuildFile; fileRef = 7A71B7232AC9654E000C317B /* PlanetDetailView.swift */; };
		7A71B72B2AC965A3000C317B /* Youtube222.swift in Sources */ = {isa = PBXBuildFile; fileRef = 7A71B72A2AC965A3000C317B /* Youtube222.swift */; };
		7A71B7302AC965F8000C317B /* HomeView.swift in Sources */ = {isa = PBXBuildFile; fileRef = 7A71B72C2AC965F8000C317B /* HomeView.swift */; };
		7A71B7312AC965F8000C317B /* NewItems.swift in Sources */ = {isa = PBXBuildFile; fileRef = 7A71B72D2AC965F8000C317B /* NewItems.swift */; };
		7A71B7322AC965F8000C317B /* PodList.swift in Sources */ = {isa = PBXBuildFile; fileRef = 7A71B72E2AC965F8000C317B /* PodList.swift */; };
		7A71B7332AC965F8000C317B /* AlbumList.swift in Sources */ = {isa = PBXBuildFile; fileRef = 7A71B72F2AC965F8000C317B /* AlbumList.swift */; };
/* End PBXBuildFile section */

/* Begin PBXFileReference section */
		7A71B6E02AC9631E000C317B /* Slay.app */ = {isa = PBXFileReference; explicitFileType = wrapper.application; includeInIndex = 0; path = Slay.app; sourceTree = BUILT_PRODUCTS_DIR; };
		7A71B6E32AC9631E000C317B /* SlayApp.swift */ = {isa = PBXFileReference; lastKnownFileType = sourcecode.swift; path = SlayApp.swift; sourceTree = "<group>"; };
		7A71B6E52AC9631E000C317B /* ContentView.swift */ = {isa = PBXFileReference; lastKnownFileType = sourcecode.swift; path = ContentView.swift; sourceTree = "<group>"; };
		7A71B6E72AC9631F000C317B /* Assets.xcassets */ = {isa = PBXFileReference; lastKnownFileType = folder.assetcatalog; path = Assets.xcassets; sourceTree = "<group>"; };
		7A71B6EA2AC9631F000C317B /* Preview Assets.xcassets */ = {isa = PBXFileReference; lastKnownFileType = folder.assetcatalog; path = "Preview Assets.xcassets"; sourceTree = "<group>"; };
		7A71B6EC2AC9631F000C317B /* Persistence.swift */ = {isa = PBXFileReference; lastKnownFileType = sourcecode.swift; path = Persistence.swift; sourceTree = "<group>"; };
		7A71B6EF2AC9631F000C317B /* Slay.xcdatamodel */ = {isa = PBXFileReference; lastKnownFileType = wrapper.xcdatamodel; path = Slay.xcdatamodel; sourceTree = "<group>"; };
		7A71B6F62AC96345000C317B /* ColorButton.swift */ = {isa = PBXFileReference; fileEncoding = 4; lastKnownFileType = sourcecode.swift; path = ColorButton.swift; sourceTree = "<group>"; };
		7A71B6F72AC96345000C317B /* DetailView.swift */ = {isa = PBXFileReference; fileEncoding = 4; lastKnownFileType = sourcecode.swift; path = DetailView.swift; sourceTree = "<group>"; };
		7A71B6F82AC96345000C317B /* BagView.swift */ = {isa = PBXFileReference; fileEncoding = 4; lastKnownFileType = sourcecode.swift; path = BagView.swift; sourceTree = "<group>"; };
		7A71B6F92AC96345000C317B /* TabButton.swift */ = {isa = PBXFileReference; fileEncoding = 4; lastKnownFileType = sourcecode.swift; path = TabButton.swift; sourceTree = "<group>"; };
		7A71B6FA2AC96346000C317B /* HomeProductsHero.swift */ = {isa = PBXFileReference; fileEncoding = 4; lastKnownFileType = sourcecode.swift; path = HomeProductsHero.swift; sourceTree = "<group>"; };
		7A71B7002AC96457000C317B /* Person.swift */ = {isa = PBXFileReference; fileEncoding = 4; lastKnownFileType = sourcecode.swift; path = Person.swift; sourceTree = "<group>"; };
		7A71B7012AC96457000C317B /* ArtistList.swift */ = {isa = PBXFileReference; fileEncoding = 4; lastKnownFileType = sourcecode.swift; path = ArtistList.swift; sourceTree = "<group>"; };
		7A71B7022AC96457000C317B /* YouTubeView.swift */ = {isa = PBXFileReference; fileEncoding = 4; lastKnownFileType = sourcecode.swift; path = YouTubeView.swift; sourceTree = "<group>"; };
		7A71B7032AC96457000C317B /* ProfileView.swift */ = {isa = PBXFileReference; fileEncoding = 4; lastKnownFileType = sourcecode.swift; path = ProfileView.swift; sourceTree = "<group>"; };
		7A71B7082AC9649E000C317B /* LookPageDetailView.swift */ = {isa = PBXFileReference; fileEncoding = 4; lastKnownFileType = sourcecode.swift; path = LookPageDetailView.swift; sourceTree = "<group>"; };
		7A71B7092AC9649E000C317B /* LookpageHome.swift */ = {isa = PBXFileReference; fileEncoding = 4; lastKnownFileType = sourcecode.swift; path = LookpageHome.swift; sourceTree = "<group>"; };
		7A71B70A2AC9649F000C317B /* OffsetModifier.swift */ = {isa = PBXFileReference; fileEncoding = 4; lastKnownFileType = sourcecode.swift; path = OffsetModifier.swift; sourceTree = "<group>"; };
		7A71B70B2AC9649F000C317B /* SnapCarousel.swift */ = {isa = PBXFileReference; fileEncoding = 4; lastKnownFileType = sourcecode.swift; path = SnapCarousel.swift; sourceTree = "<group>"; };
		7A71B70C2AC9649F000C317B /* VideoDetailView.swift */ = {isa = PBXFileReference; fileEncoding = 4; lastKnownFileType = sourcecode.swift; path = VideoDetailView.swift; sourceTree = "<group>"; };
		7A71B7122AC96508000C317B /* chanelookpage.new.swift */ = {isa = PBXFileReference; fileEncoding = 4; lastKnownFileType = sourcecode.swift; path = chanelookpage.new.swift; sourceTree = "<group>"; };
		7A71B7132AC96508000C317B /* ChanelLookPage.swift */ = {isa = PBXFileReference; fileEncoding = 4; lastKnownFileType = sourcecode.swift; path = ChanelLookPage.swift; sourceTree = "<group>"; };
		7A71B7142AC96508000C317B /* ModelData.swift */ = {isa = PBXFileReference; fileEncoding = 4; lastKnownFileType = sourcecode.swift; path = ModelData.swift; sourceTree = "<group>"; };
		7A71B7152AC96508000C317B /* PlanetModelData.swift */ = {isa = PBXFileReference; fileEncoding = 4; lastKnownFileType = sourcecode.swift; path = PlanetModelData.swift; sourceTree = "<group>"; };
		7A71B7162AC96508000C317B /* AlbumData.swift */ = {isa = PBXFileReference; fileEncoding = 4; lastKnownFileType = sourcecode.swift; path = AlbumData.swift; sourceTree = "<group>"; };
		7A71B7172AC96508000C317B /* Brand.swift */ = {isa = PBXFileReference; fileEncoding = 4; lastKnownFileType = sourcecode.swift; path = Brand.swift; sourceTree = "<group>"; };
		7A71B71E2AC9654D000C317B /* CustomCorner.swift */ = {isa = PBXFileReference; fileEncoding = 4; lastKnownFileType = sourcecode.swift; path = CustomCorner.swift; sourceTree = "<group>"; };
		7A71B71F2AC9654E000C317B /* PlanetHome.swift */ = {isa = PBXFileReference; fileEncoding = 4; lastKnownFileType = sourcecode.swift; path = PlanetHome.swift; sourceTree = "<group>"; };
		7A71B7202AC9654E000C317B /* PlanetTapButton.swift */ = {isa = PBXFileReference; fileEncoding = 4; lastKnownFileType = sourcecode.swift; path = PlanetTapButton.swift; sourceTree = "<group>"; };
		7A71B7212AC9654E000C317B /* PlanetView.swift */ = {isa = PBXFileReference; fileEncoding = 4; lastKnownFileType = sourcecode.swift; path = PlanetView.swift; sourceTree = "<group>"; };
		7A71B7222AC9654E000C317B /* CustomCorner2.swift */ = {isa = PBXFileReference; fileEncoding = 4; lastKnownFileType = sourcecode.swift; path = CustomCorner2.swift; sourceTree = "<group>"; };
		7A71B7232AC9654E000C317B /* PlanetDetailView.swift */ = {isa = PBXFileReference; fileEncoding = 4; lastKnownFileType = sourcecode.swift; path = PlanetDetailView.swift; sourceTree = "<group>"; };
		7A71B72A2AC965A3000C317B /* Youtube222.swift */ = {isa = PBXFileReference; fileEncoding = 4; lastKnownFileType = sourcecode.swift; path = Youtube222.swift; sourceTree = "<group>"; };
		7A71B72C2AC965F8000C317B /* HomeView.swift */ = {isa = PBXFileReference; fileEncoding = 4; lastKnownFileType = sourcecode.swift; path = HomeView.swift; sourceTree = "<group>"; };
		7A71B72D2AC965F8000C317B /* NewItems.swift */ = {isa = PBXFileReference; fileEncoding = 4; lastKnownFileType = sourcecode.swift; path = NewItems.swift; sourceTree = "<group>"; };
		7A71B72E2AC965F8000C317B /* PodList.swift */ = {isa = PBXFileReference; fileEncoding = 4; lastKnownFileType = sourcecode.swift; path = PodList.swift; sourceTree = "<group>"; };
		7A71B72F2AC965F8000C317B /* AlbumList.swift */ = {isa = PBXFileReference; fileEncoding = 4; lastKnownFileType = sourcecode.swift; path = AlbumList.swift; sourceTree = "<group>"; };
/* End PBXFileReference section */

/* Begin PBXFrameworksBuildPhase section */
		7A71B6DD2AC9631E000C317B /* Frameworks */ = {
			isa = PBXFrameworksBuildPhase;
			buildActionMask = 2147483647;
			files = (
			);
			runOnlyForDeploymentPostprocessing = 0;
		};
/* End PBXFrameworksBuildPhase section */

/* Begin PBXGroup section */
		7A71B6D72AC9631E000C317B = {
			isa = PBXGroup;
			children = (
				7A71B6E22AC9631E000C317B /* Slay */,
				7A71B6E12AC9631E000C317B /* Products */,
			);
			sourceTree = "<group>";
		};
		7A71B6E12AC9631E000C317B /* Products */ = {
			isa = PBXGroup;
			children = (
				7A71B6E02AC9631E000C317B /* Slay.app */,
			);
			name = Products;
			sourceTree = "<group>";
		};
		7A71B6E22AC9631E000C317B /* Slay */ = {
			isa = PBXGroup;
			children = (
				7A71B72F2AC965F8000C317B /* AlbumList.swift */,
				7A71B72C2AC965F8000C317B /* HomeView.swift */,
				7A71B72D2AC965F8000C317B /* NewItems.swift */,
				7A71B72E2AC965F8000C317B /* PodList.swift */,
				7A71B72A2AC965A3000C317B /* Youtube222.swift */,
				7A71B71E2AC9654D000C317B /* CustomCorner.swift */,
				7A71B7222AC9654E000C317B /* CustomCorner2.swift */,
				7A71B7232AC9654E000C317B /* PlanetDetailView.swift */,
				7A71B71F2AC9654E000C317B /* PlanetHome.swift */,
				7A71B7202AC9654E000C317B /* PlanetTapButton.swift */,
				7A71B7212AC9654E000C317B /* PlanetView.swift */,
				7A71B7162AC96508000C317B /* AlbumData.swift */,
				7A71B7172AC96508000C317B /* Brand.swift */,
				7A71B7132AC96508000C317B /* ChanelLookPage.swift */,
				7A71B7122AC96508000C317B /* chanelookpage.new.swift */,
				7A71B7142AC96508000C317B /* ModelData.swift */,
				7A71B7152AC96508000C317B /* PlanetModelData.swift */,
				7A71B7082AC9649E000C317B /* LookPageDetailView.swift */,
				7A71B7092AC9649E000C317B /* LookpageHome.swift */,
				7A71B70A2AC9649F000C317B /* OffsetModifier.swift */,
				7A71B70B2AC9649F000C317B /* SnapCarousel.swift */,
				7A71B70C2AC9649F000C317B /* VideoDetailView.swift */,
				7A71B7012AC96457000C317B /* ArtistList.swift */,
				7A71B7002AC96457000C317B /* Person.swift */,
				7A71B7032AC96457000C317B /* ProfileView.swift */,
				7A71B7022AC96457000C317B /* YouTubeView.swift */,
				7A71B6F82AC96345000C317B /* BagView.swift */,
				7A71B6F62AC96345000C317B /* ColorButton.swift */,
				7A71B6F72AC96345000C317B /* DetailView.swift */,
				7A71B6FA2AC96346000C317B /* HomeProductsHero.swift */,
				7A71B6F92AC96345000C317B /* TabButton.swift */,
				7A71B6E32AC9631E000C317B /* SlayApp.swift */,
				7A71B6E52AC9631E000C317B /* ContentView.swift */,
				7A71B6E72AC9631F000C317B /* Assets.xcassets */,
				7A71B6EC2AC9631F000C317B /* Persistence.swift */,
				7A71B6EE2AC9631F000C317B /* Slay.xcdatamodeld */,
				7A71B6E92AC9631F000C317B /* Preview Content */,
			);
			path = Slay;
			sourceTree = "<group>";
		};
		7A71B6E92AC9631F000C317B /* Preview Content */ = {
			isa = PBXGroup;
			children = (
				7A71B6EA2AC9631F000C317B /* Preview Assets.xcassets */,
			);
			path = "Preview Content";
			sourceTree = "<group>";
		};
/* End PBXGroup section */

/* Begin PBXNativeTarget section */
		7A71B6DF2AC9631E000C317B /* Slay */ = {
			isa = PBXNativeTarget;
			buildConfigurationList = 7A71B6F32AC9631F000C317B /* Build configuration list for PBXNativeTarget "Slay" */;
			buildPhases = (
				7A71B6DC2AC9631E000C317B /* Sources */,
				7A71B6DD2AC9631E000C317B /* Frameworks */,
				7A71B6DE2AC9631E000C317B /* Resources */,
			);
			buildRules = (
			);
			dependencies = (
			);
			name = Slay;
			productName = Slay;
			productReference = 7A71B6E02AC9631E000C317B /* Slay.app */;
			productType = "com.apple.product-type.application";
		};
/* End PBXNativeTarget section */

/* Begin PBXProject section */
		7A71B6D82AC9631E000C317B /* Project object */ = {
			isa = PBXProject;
			attributes = {
				BuildIndependentTargetsInParallel = 1;
				LastSwiftUpdateCheck = 1500;
				LastUpgradeCheck = 1500;
				TargetAttributes = {
					7A71B6DF2AC9631E000C317B = {
						CreatedOnToolsVersion = 15.0;
					};
				};
			};
			buildConfigurationList = 7A71B6DB2AC9631E000C317B /* Build configuration list for PBXProject "Slay" */;
			compatibilityVersion = "Xcode 14.0";
			developmentRegion = en;
			hasScannedForEncodings = 0;
			knownRegions = (
				en,
				Base,
			);
			mainGroup = 7A71B6D72AC9631E000C317B;
			productRefGroup = 7A71B6E12AC9631E000C317B /* Products */;
			projectDirPath = "";
			projectRoot = "";
			targets = (
				7A71B6DF2AC9631E000C317B /* Slay */,
			);
		};
/* End PBXProject section */

/* Begin PBXResourcesBuildPhase section */
		7A71B6DE2AC9631E000C317B /* Resources */ = {
			isa = PBXResourcesBuildPhase;
			buildActionMask = 2147483647;
			files = (
				7A71B6EB2AC9631F000C317B /* Preview Assets.xcassets in Resources */,
				7A71B6E82AC9631F000C317B /* Assets.xcassets in Resources */,
			);
			runOnlyForDeploymentPostprocessing = 0;
		};
/* End PBXResourcesBuildPhase section */

/* Begin PBXSourcesBuildPhase section */
		7A71B6DC2AC9631E000C317B /* Sources */ = {
			isa = PBXSourcesBuildPhase;
			buildActionMask = 2147483647;
			files = (
				7A71B7052AC96457000C317B /* ArtistList.swift in Sources */,
				7A71B7322AC965F8000C317B /* PodList.swift in Sources */,
				7A71B7332AC965F8000C317B /* AlbumList.swift in Sources */,
				7A71B7242AC9654E000C317B /* CustomCorner.swift in Sources */,
				7A71B7072AC96457000C317B /* ProfileView.swift in Sources */,
				7A71B7292AC9654E000C317B /* PlanetDetailView.swift in Sources */,
				7A71B7102AC9649F000C317B /* SnapCarousel.swift in Sources */,
				7A71B70E2AC9649F000C317B /* LookpageHome.swift in Sources */,
				7A71B7042AC96457000C317B /* Person.swift in Sources */,
				7A71B6ED2AC9631F000C317B /* Persistence.swift in Sources */,
				7A71B7312AC965F8000C317B /* NewItems.swift in Sources */,
				7A71B72B2AC965A3000C317B /* Youtube222.swift in Sources */,
				7A71B70F2AC9649F000C317B /* OffsetModifier.swift in Sources */,
				7A71B6FD2AC96346000C317B /* BagView.swift in Sources */,
				7A71B6FC2AC96346000C317B /* DetailView.swift in Sources */,
				7A71B7182AC96508000C317B /* chanelookpage.new.swift in Sources */,
				7A71B7302AC965F8000C317B /* HomeView.swift in Sources */,
				7A71B6E62AC9631E000C317B /* ContentView.swift in Sources */,
				7A71B7262AC9654E000C317B /* PlanetTapButton.swift in Sources */,
				7A71B71C2AC96508000C317B /* AlbumData.swift in Sources */,
				7A71B71B2AC96508000C317B /* PlanetModelData.swift in Sources */,
				7A71B71D2AC96508000C317B /* Brand.swift in Sources */,
				7A71B6FB2AC96346000C317B /* ColorButton.swift in Sources */,
				7A71B6FE2AC96346000C317B /* TabButton.swift in Sources */,
				7A71B7272AC9654E000C317B /* PlanetView.swift in Sources */,
				7A71B7282AC9654E000C317B /* CustomCorner2.swift in Sources */,
				7A71B7062AC96457000C317B /* YouTubeView.swift in Sources */,
				7A71B7112AC9649F000C317B /* VideoDetailView.swift in Sources */,
				7A71B6FF2AC96346000C317B /* HomeProductsHero.swift in Sources */,
				7A71B7192AC96508000C317B /* ChanelLookPage.swift in Sources */,
				7A71B6F02AC9631F000C317B /* Slay.xcdatamodeld in Sources */,
				7A71B6E42AC9631E000C317B /* SlayApp.swift in Sources */,
				7A71B70D2AC9649F000C317B /* LookPageDetailView.swift in Sources */,
				7A71B7252AC9654E000C317B /* PlanetHome.swift in Sources */,
				7A71B71A2AC96508000C317B /* ModelData.swift in Sources */,
			);
			runOnlyForDeploymentPostprocessing = 0;
		};
/* End PBXSourcesBuildPhase section */

/* Begin XCBuildConfiguration section */
		7A71B6F12AC9631F000C317B /* Debug */ = {
			isa = XCBuildConfiguration;
			buildSettings = {
				ALWAYS_SEARCH_USER_PATHS = NO;
				ASSETCATALOG_COMPILER_GENERATE_SWIFT_ASSET_SYMBOL_EXTENSIONS = YES;
				CLANG_ANALYZER_NONNULL = YES;
				CLANG_ANALYZER_NUMBER_OBJECT_CONVERSION = YES_AGGRESSIVE;
				CLANG_CXX_LANGUAGE_STANDARD = "gnu++20";
				CLANG_ENABLE_MODULES = YES;
				CLANG_ENABLE_OBJC_ARC = YES;
				CLANG_ENABLE_OBJC_WEAK = YES;
				CLANG_WARN_BLOCK_CAPTURE_AUTORELEASING = YES;
				CLANG_WARN_BOOL_CONVERSION = YES;
				CLANG_WARN_COMMA = YES;
				CLANG_WARN_CONSTANT_CONVERSION = YES;
				CLANG_WARN_DEPRECATED_OBJC_IMPLEMENTATIONS = YES;
				CLANG_WARN_DIRECT_OBJC_ISA_USAGE = YES_ERROR;
				CLANG_WARN_DOCUMENTATION_COMMENTS = YES;
				CLANG_WARN_EMPTY_BODY = YES;
				CLANG_WARN_ENUM_CONVERSION = YES;
				CLANG_WARN_INFINITE_RECURSION = YES;
				CLANG_WARN_INT_CONVERSION = YES;
				CLANG_WARN_NON_LITERAL_NULL_CONVERSION = YES;
				CLANG_WARN_OBJC_IMPLICIT_RETAIN_SELF = YES;
				CLANG_WARN_OBJC_LITERAL_CONVERSION = YES;
				CLANG_WARN_OBJC_ROOT_CLASS = YES_ERROR;
				CLANG_WARN_QUOTED_INCLUDE_IN_FRAMEWORK_HEADER = YES;
				CLANG_WARN_RANGE_LOOP_ANALYSIS = YES;
				CLANG_WARN_STRICT_PROTOTYPES = YES;
				CLANG_WARN_SUSPICIOUS_MOVE = YES;
				CLANG_WARN_UNGUARDED_AVAILABILITY = YES_AGGRESSIVE;
				CLANG_WARN_UNREACHABLE_CODE = YES;
				CLANG_WARN__DUPLICATE_METHOD_MATCH = YES;
				COPY_PHASE_STRIP = NO;
				DEBUG_INFORMATION_FORMAT = dwarf;
				ENABLE_STRICT_OBJC_MSGSEND = YES;
				ENABLE_TESTABILITY = YES;
				ENABLE_USER_SCRIPT_SANDBOXING = YES;
				GCC_C_LANGUAGE_STANDARD = gnu17;
				GCC_DYNAMIC_NO_PIC = NO;
				GCC_NO_COMMON_BLOCKS = YES;
				GCC_OPTIMIZATION_LEVEL = 0;
				GCC_PREPROCESSOR_DEFINITIONS = (
					"DEBUG=1",
					"$(inherited)",
				);
				GCC_WARN_64_TO_32_BIT_CONVERSION = YES;
				GCC_WARN_ABOUT_RETURN_TYPE = YES_ERROR;
				GCC_WARN_UNDECLARED_SELECTOR = YES;
				GCC_WARN_UNINITIALIZED_AUTOS = YES_AGGRESSIVE;
				GCC_WARN_UNUSED_FUNCTION = YES;
				GCC_WARN_UNUSED_VARIABLE = YES;
				IPHONEOS_DEPLOYMENT_TARGET = 17.0;
				LOCALIZATION_PREFERS_STRING_CATALOGS = YES;
				MTL_ENABLE_DEBUG_INFO = INCLUDE_SOURCE;
				MTL_FAST_MATH = YES;
				ONLY_ACTIVE_ARCH = YES;
				SDKROOT = iphoneos;
				SWIFT_ACTIVE_COMPILATION_CONDITIONS = "DEBUG $(inherited)";
				SWIFT_OPTIMIZATION_LEVEL = "-Onone";
			};
			name = Debug;
		};
		7A71B6F22AC9631F000C317B /* Release */ = {
			isa = XCBuildConfiguration;
			buildSettings = {
				ALWAYS_SEARCH_USER_PATHS = NO;
				ASSETCATALOG_COMPILER_GENERATE_SWIFT_ASSET_SYMBOL_EXTENSIONS = YES;
				CLANG_ANALYZER_NONNULL = YES;
				CLANG_ANALYZER_NUMBER_OBJECT_CONVERSION = YES_AGGRESSIVE;
				CLANG_CXX_LANGUAGE_STANDARD = "gnu++20";
				CLANG_ENABLE_MODULES = YES;
				CLANG_ENABLE_OBJC_ARC = YES;
				CLANG_ENABLE_OBJC_WEAK = YES;
				CLANG_WARN_BLOCK_CAPTURE_AUTORELEASING = YES;
				CLANG_WARN_BOOL_CONVERSION = YES;
				CLANG_WARN_COMMA = YES;
				CLANG_WARN_CONSTANT_CONVERSION = YES;
				CLANG_WARN_DEPRECATED_OBJC_IMPLEMENTATIONS = YES;
				CLANG_WARN_DIRECT_OBJC_ISA_USAGE = YES_ERROR;
				CLANG_WARN_DOCUMENTATION_COMMENTS = YES;
				CLANG_WARN_EMPTY_BODY = YES;
				CLANG_WARN_ENUM_CONVERSION = YES;
				CLANG_WARN_INFINITE_RECURSION = YES;
				CLANG_WARN_INT_CONVERSION = YES;
				CLANG_WARN_NON_LITERAL_NULL_CONVERSION = YES;
				CLANG_WARN_OBJC_IMPLICIT_RETAIN_SELF = YES;
				CLANG_WARN_OBJC_LITERAL_CONVERSION = YES;
				CLANG_WARN_OBJC_ROOT_CLASS = YES_ERROR;
				CLANG_WARN_QUOTED_INCLUDE_IN_FRAMEWORK_HEADER = YES;
				CLANG_WARN_RANGE_LOOP_ANALYSIS = YES;
				CLANG_WARN_STRICT_PROTOTYPES = YES;
				CLANG_WARN_SUSPICIOUS_MOVE = YES;
				CLANG_WARN_UNGUARDED_AVAILABILITY = YES_AGGRESSIVE;
				CLANG_WARN_UNREACHABLE_CODE = YES;
				CLANG_WARN__DUPLICATE_METHOD_MATCH = YES;
				COPY_PHASE_STRIP = NO;
				DEBUG_INFORMATION_FORMAT = "dwarf-with-dsym";
				ENABLE_NS_ASSERTIONS = NO;
				ENABLE_STRICT_OBJC_MSGSEND = YES;
				ENABLE_USER_SCRIPT_SANDBOXING = YES;
				GCC_C_LANGUAGE_STANDARD = gnu17;
				GCC_NO_COMMON_BLOCKS = YES;
				GCC_WARN_64_TO_32_BIT_CONVERSION = YES;
				GCC_WARN_ABOUT_RETURN_TYPE = YES_ERROR;
				GCC_WARN_UNDECLARED_SELECTOR = YES;
				GCC_WARN_UNINITIALIZED_AUTOS = YES_AGGRESSIVE;
				GCC_WARN_UNUSED_FUNCTION = YES;
				GCC_WARN_UNUSED_VARIABLE = YES;
				IPHONEOS_DEPLOYMENT_TARGET = 17.0;
				LOCALIZATION_PREFERS_STRING_CATALOGS = YES;
				MTL_ENABLE_DEBUG_INFO = NO;
				MTL_FAST_MATH = YES;
				SDKROOT = iphoneos;
				SWIFT_COMPILATION_MODE = wholemodule;
				VALIDATE_PRODUCT = YES;
			};
			name = Release;
		};
		7A71B6F42AC9631F000C317B /* Debug */ = {
			isa = XCBuildConfiguration;
			buildSettings = {
				ASSETCATALOG_COMPILER_APPICON_NAME = AppIcon;
				ASSETCATALOG_COMPILER_GLOBAL_ACCENT_COLOR_NAME = AccentColor;
				CODE_SIGN_STYLE = Automatic;
				CURRENT_PROJECT_VERSION = 1;
				DEVELOPMENT_ASSET_PATHS = "\"Slay/Preview Content\"";
				DEVELOPMENT_TEAM = 4KLMMMFY4D;
				ENABLE_PREVIEWS = YES;
				GENERATE_INFOPLIST_FILE = YES;
				INFOPLIST_KEY_UIApplicationSceneManifest_Generation = YES;
				INFOPLIST_KEY_UIApplicationSupportsIndirectInputEvents = YES;
				INFOPLIST_KEY_UILaunchScreen_Generation = YES;
				INFOPLIST_KEY_UISupportedInterfaceOrientations_iPad = "UIInterfaceOrientationPortrait UIInterfaceOrientationPortraitUpsideDown UIInterfaceOrientationLandscapeLeft UIInterfaceOrientationLandscapeRight";
				INFOPLIST_KEY_UISupportedInterfaceOrientations_iPhone = "UIInterfaceOrientationPortrait UIInterfaceOrientationLandscapeLeft UIInterfaceOrientationLandscapeRight";
				LD_RUNPATH_SEARCH_PATHS = (
					"$(inherited)",
					"@executable_path/Frameworks",
				);
				MARKETING_VERSION = 1.0;
				PRODUCT_BUNDLE_IDENTIFIER = com.acasia.Slay;
				PRODUCT_NAME = "$(TARGET_NAME)";
				SWIFT_EMIT_LOC_STRINGS = YES;
				SWIFT_VERSION = 5.0;
				TARGETED_DEVICE_FAMILY = "1,2";
			};
			name = Debug;
		};
		7A71B6F52AC9631F000C317B /* Release */ = {
			isa = XCBuildConfiguration;
			buildSettings = {
				ASSETCATALOG_COMPILER_APPICON_NAME = AppIcon;
				ASSETCATALOG_COMPILER_GLOBAL_ACCENT_COLOR_NAME = AccentColor;
				CODE_SIGN_STYLE = Automatic;
				CURRENT_PROJECT_VERSION = 1;
				DEVELOPMENT_ASSET_PATHS = "\"Slay/Preview Content\"";
				DEVELOPMENT_TEAM = 4KLMMMFY4D;
				ENABLE_PREVIEWS = YES;
				GENERATE_INFOPLIST_FILE = YES;
				INFOPLIST_KEY_UIApplicationSceneManifest_Generation = YES;
				INFOPLIST_KEY_UIApplicationSupportsIndirectInputEvents = YES;
				INFOPLIST_KEY_UILaunchScreen_Generation = YES;
				INFOPLIST_KEY_UISupportedInterfaceOrientations_iPad = "UIInterfaceOrientationPortrait UIInterfaceOrientationPortraitUpsideDown UIInterfaceOrientationLandscapeLeft UIInterfaceOrientationLandscapeRight";
				INFOPLIST_KEY_UISupportedInterfaceOrientations_iPhone = "UIInterfaceOrientationPortrait UIInterfaceOrientationLandscapeLeft UIInterfaceOrientationLandscapeRight";
				LD_RUNPATH_SEARCH_PATHS = (
					"$(inherited)",
					"@executable_path/Frameworks",
				);
				MARKETING_VERSION = 1.0;
				PRODUCT_BUNDLE_IDENTIFIER = com.acasia.Slay;
				PRODUCT_NAME = "$(TARGET_NAME)";
				SWIFT_EMIT_LOC_STRINGS = YES;
				SWIFT_VERSION = 5.0;
				TARGETED_DEVICE_FAMILY = "1,2";
			};
			name = Release;
		};
/* End XCBuildConfiguration section */

/* Begin XCConfigurationList section */
		7A71B6DB2AC9631E000C317B /* Build configuration list for PBXProject "Slay" */ = {
			isa = XCConfigurationList;
			buildConfigurations = (
				7A71B6F12AC9631F000C317B /* Debug */,
				7A71B6F22AC9631F000C317B /* Release */,
			);
			defaultConfigurationIsVisible = 0;
			defaultConfigurationName = Release;
		};
		7A71B6F32AC9631F000C317B /* Build configuration list for PBXNativeTarget "Slay" */ = {
			isa = XCConfigurationList;
			buildConfigurations = (
				7A71B6F42AC9631F000C317B /* Debug */,
				7A71B6F52AC9631F000C317B /* Release */,
			);
			defaultConfigurationIsVisible = 0;
			defaultConfigurationName = Release;
		};
/* End XCConfigurationList section */

/* Begin XCVersionGroup section */
		7A71B6EE2AC9631F000C317B /* Slay.xcdatamodeld */ = {
			isa = XCVersionGroup;
			children = (
				7A71B6EF2AC9631F000C317B /* Slay.xcdatamodel */,
			);
			currentVersion = 7A71B6EF2AC9631F000C317B /* Slay.xcdatamodel */;
			path = Slay.xcdatamodeld;
			sourceTree = "<group>";
			versionGroupType = wrapper.xcdatamodel;
		};
/* End XCVersionGroup section */
	};
	rootObject = 7A71B6D82AC9631E000C317B /* Project object */;
}
